version = 1
revision = 3
requires-python = ">=3.12"
resolution-markers = [
    "python_full_version >= '3.13'",
    "python_full_version < '3.13'",
]

[[package]]
name = "anyio"
version = "4.11.0"
source = { registry = "https://pypi.org/simple" }
dependencies = [
    { name = "idna" },
    { name = "sniffio" },
    { name = "typing-extensions", marker = "python_full_version < '3.13'" },
]
sdist = { url = "https://files.pythonhosted.org/packages/c6/78/7d432127c41b50bccba979505f272c16cbcadcc33645d5fa3a738110ae75/anyio-4.11.0.tar.gz", hash = "sha256:82a8d0b81e318cc5ce71a5f1f8b5c4e63619620b63141ef8c995fa0db95a57c4", size = 219094, upload-time = "2025-09-23T09:19:12.58Z" }
wheels = [
    { url = "https://files.pythonhosted.org/packages/15/b3/9b1a8074496371342ec1e796a96f99c82c945a339cd81a8e73de28b4cf9e/anyio-4.11.0-py3-none-any.whl", hash = "sha256:0287e96f4d26d4149305414d4e3bc32f0dcd0862365a4bddea19d7a1ec38c4fc", size = 109097, upload-time = "2025-09-23T09:19:10.601Z" },
]

[[package]]
name = "certifi"
version = "2025.10.5"
source = { registry = "https://pypi.org/simple" }
sdist = { url = "https://files.pythonhosted.org/packages/4c/5b/b6ce21586237c77ce67d01dc5507039d444b630dd76611bbca2d8e5dcd91/certifi-2025.10.5.tar.gz", hash = "sha256:47c09d31ccf2acf0be3f701ea53595ee7e0b8fa08801c6624be771df09ae7b43", size = 164519, upload-time = "2025-10-05T04:12:15.808Z" }
wheels = [
    { url = "https://files.pythonhosted.org/packages/e4/37/af0d2ef3967ac0d6113837b44a4f0bfe1328c2b9763bd5b1744520e5cfed/certifi-2025.10.5-py3-none-any.whl", hash = "sha256:0f212c2744a9bb6de0c56639a6f68afe01ecd92d91f14ae897c4fe7bbeeef0de", size = 163286, upload-time = "2025-10-05T04:12:14.03Z" },
]

[[package]]
name = "dotfiles"
version = "0.1.0"
source = { virtual = "." }
dependencies = [
    { name = "lmstudio" },
]

[package.metadata]
requires-dist = [{ name = "lmstudio", specifier = ">=1.5.0" }]

[[package]]
name = "h11"
version = "0.16.0"
source = { registry = "https://pypi.org/simple" }
sdist = { url = "https://files.pythonhosted.org/packages/01/ee/02a2c011bdab74c6fb3c75474d40b3052059d95df7e73351460c8588d963/h11-0.16.0.tar.gz", hash = "sha256:4e35b956cf45792e4caa5885e69fba00bdbc6ffafbfa020300e549b208ee5ff1", size = 101250, upload-time = "2025-04-24T03:35:25.427Z" }
wheels = [
    { url = "https://files.pythonhosted.org/packages/04/4b/29cac41a4d98d144bf5f6d33995617b185d14b22401f75ca86f384e87ff1/h11-0.16.0-py3-none-any.whl", hash = "sha256:63cf8bbe7522de3bf65932fda1d9c2772064ffb3dae62d55932da54b31cb6c86", size = 37515, upload-time = "2025-04-24T03:35:24.344Z" },
]

[[package]]
name = "httpcore"
version = "1.0.9"
source = { registry = "https://pypi.org/simple" }
dependencies = [
    { name = "certifi" },
    { name = "h11" },
]
sdist = { url = "https://files.pythonhosted.org/packages/06/94/82699a10bca87a5556c9c59b5963f2d039dbd239f25bc2a63907a05a14cb/httpcore-1.0.9.tar.gz", hash = "sha256:6e34463af53fd2ab5d807f399a9b45ea31c3dfa2276f15a2c3f00afff6e176e8", size = 85484, upload-time = "2025-04-24T22:06:22.219Z" }
wheels = [
    { url = "https://files.pythonhosted.org/packages/7e/f5/f66802a942d491edb555dd61e3a9961140fd64c90bce1eafd741609d334d/httpcore-1.0.9-py3-none-any.whl", hash = "sha256:2d400746a40668fc9dec9810239072b40b4484b640a8c38fd654a024c7a1bf55", size = 78784, upload-time = "2025-04-24T22:06:20.566Z" },
]

[[package]]
name = "httpx"
version = "0.28.1"
source = { registry = "https://pypi.org/simple" }
dependencies = [
    { name = "anyio" },
    { name = "certifi" },
    { name = "httpcore" },
    { name = "idna" },
]
sdist = { url = "https://files.pythonhosted.org/packages/b1/df/48c586a5fe32a0f01324ee087459e112ebb7224f646c0b5023f5e79e9956/httpx-0.28.1.tar.gz", hash = "sha256:75e98c5f16b0f35b567856f597f06ff2270a374470a5c2392242528e3e3e42fc", size = 141406, upload-time = "2024-12-06T15:37:23.222Z" }
wheels = [
    { url = "https://files.pythonhosted.org/packages/2a/39/e50c7c3a983047577ee07d2a9e53faf5a69493943ec3f6a384bdc792deb2/httpx-0.28.1-py3-none-any.whl", hash = "sha256:d909fcccc110f8c7faf814ca82a9a4d816bc5a6dbfea25d6591d6985b8ba59ad", size = 73517, upload-time = "2024-12-06T15:37:21.509Z" },
]

[[package]]
name = "httpx-ws"
version = "0.8.2"
source = { registry = "https://pypi.org/simple" }
dependencies = [
    { name = "anyio" },
    { name = "httpcore" },
    { name = "httpx" },
    { name = "wsproto" },
]
sdist = { url = "https://files.pythonhosted.org/packages/4a/32/6f7198f55d94063ea84487a31cdd3e149d2702dc0804fc5de06ed12ef2c2/httpx_ws-0.8.2.tar.gz", hash = "sha256:ba0d4aa76e1c8a27bd5e88984ecdcdc28f7bf30b40cb0989a4c1438d07fa52c7", size = 105734, upload-time = "2025-11-07T12:57:36.566Z" }
wheels = [
    { url = "https://files.pythonhosted.org/packages/29/cd/2008972ddc4c2139b9813d8a097e53dcc74b2a16a85b4069294457954232/httpx_ws-0.8.2-py3-none-any.whl", hash = "sha256:f8898ddb84cbf98c562e8e796675bc68c215fa1d453d54a7fcd935aca8198cc8", size = 15404, upload-time = "2025-11-07T12:57:35.176Z" },
]

[[package]]
name = "idna"
version = "3.11"
source = { registry = "https://pypi.org/simple" }
sdist = { url = "https://files.pythonhosted.org/packages/6f/6d/0703ccc57f3a7233505399edb88de3cbd678da106337b9fcde432b65ed60/idna-3.11.tar.gz", hash = "sha256:795dafcc9c04ed0c1fb032c2aa73654d8e8c5023a7df64a53f39190ada629902", size = 194582, upload-time = "2025-10-12T14:55:20.501Z" }
wheels = [
    { url = "https://files.pythonhosted.org/packages/0e/61/66938bbb5fc52dbdf84594873d5b51fb1f7c7794e9c0f5bd885f30bc507b/idna-3.11-py3-none-any.whl", hash = "sha256:771a87f49d9defaf64091e6e6fe9c18d4833f140bd19464795bc32d966ca37ea", size = 71008, upload-time = "2025-10-12T14:55:18.883Z" },
]

[[package]]
name = "lmstudio"
version = "1.5.0"
source = { registry = "https://pypi.org/simple" }
dependencies = [
    { name = "anyio" },
    { name = "httpx" },
    { name = "httpx-ws" },
    { name = "msgspec" },
    { name = "typing-extensions" },
]
sdist = { url = "https://files.pythonhosted.org/packages/db/6d/40876f14c759fa2072ccbc844cc3ef7c74c1824e17e7d19b2cf4ff2cea2c/lmstudio-1.5.0.tar.gz", hash = "sha256:458c34fe1f94a7dcc521d4226b4cee82b8af7ea3da8c40b31bbdac558d9a74d4", size = 200230, upload-time = "2025-08-22T13:52:42.487Z" }
wheels = [
    { url = "https://files.pythonhosted.org/packages/b8/51/dcf7a86872a9de6529d67c68db0319b6f2afa093294d1fb8f1affcc86cc8/lmstudio-1.5.0-py3-none-any.whl", hash = "sha256:0b1e5a1cf013744a6ce0a80960204af5bf468dbbb2a505acb4dfb67185fffbe9", size = 139490, upload-time = "2025-08-22T13:52:41.456Z" },
]

[[package]]
name = "msgspec"
version = "0.19.0"
source = { registry = "https://pypi.org/simple" }
sdist = { url = "https://files.pythonhosted.org/packages/cf/9b/95d8ce458462b8b71b8a70fa94563b2498b89933689f3a7b8911edfae3d7/msgspec-0.19.0.tar.gz", hash = "sha256:604037e7cd475345848116e89c553aa9a233259733ab51986ac924ab1b976f8e", size = 216934, upload-time = "2024-12-27T17:40:28.597Z" }
wheels = [
    { url = "https://files.pythonhosted.org/packages/b2/5f/a70c24f075e3e7af2fae5414c7048b0e11389685b7f717bb55ba282a34a7/msgspec-0.19.0-cp312-cp312-macosx_10_13_x86_64.whl", hash = "sha256:f98bd8962ad549c27d63845b50af3f53ec468b6318400c9f1adfe8b092d7b62f", size = 190485, upload-time = "2024-12-27T17:39:44.974Z" },
    { url = "https://files.pythonhosted.org/packages/89/b0/1b9763938cfae12acf14b682fcf05c92855974d921a5a985ecc197d1c672/msgspec-0.19.0-cp312-cp312-macosx_11_0_arm64.whl", hash = "sha256:43bbb237feab761b815ed9df43b266114203f53596f9b6e6f00ebd79d178cdf2", size = 183910, upload-time = "2024-12-27T17:39:46.401Z" },
    { url = "https://files.pythonhosted.org/packages/87/81/0c8c93f0b92c97e326b279795f9c5b956c5a97af28ca0fbb9fd86c83737a/msgspec-0.19.0-cp312-cp312-manylinux_2_17_aarch64.manylinux2014_aarch64.whl", hash = "sha256:4cfc033c02c3e0aec52b71710d7f84cb3ca5eb407ab2ad23d75631153fdb1f12", size = 210633, upload-time = "2024-12-27T17:39:49.099Z" },
    { url = "https://files.pythonhosted.org/packages/d0/ef/c5422ce8af73928d194a6606f8ae36e93a52fd5e8df5abd366903a5ca8da/msgspec-0.19.0-cp312-cp312-manylinux_2_17_x86_64.manylinux2014_x86_64.whl", hash = "sha256:d911c442571605e17658ca2b416fd8579c5050ac9adc5e00c2cb3126c97f73bc", size = 213594, upload-time = "2024-12-27T17:39:51.204Z" },
    { url = "https://files.pythonhosted.org/packages/19/2b/4137bc2ed45660444842d042be2cf5b18aa06efd2cda107cff18253b9653/msgspec-0.19.0-cp312-cp312-musllinux_1_2_aarch64.whl", hash = "sha256:757b501fa57e24896cf40a831442b19a864f56d253679f34f260dcb002524a6c", size = 214053, upload-time = "2024-12-27T17:39:52.866Z" },
    { url = "https://files.pythonhosted.org/packages/9d/e6/8ad51bdc806aac1dc501e8fe43f759f9ed7284043d722b53323ea421c360/msgspec-0.19.0-cp312-cp312-musllinux_1_2_x86_64.whl", hash = "sha256:5f0f65f29b45e2816d8bded36e6b837a4bf5fb60ec4bc3c625fa2c6da4124537", size = 219081, upload-time = "2024-12-27T17:39:55.142Z" },
    { url = "https://files.pythonhosted.org/packages/b1/ef/27dd35a7049c9a4f4211c6cd6a8c9db0a50647546f003a5867827ec45391/msgspec-0.19.0-cp312-cp312-win_amd64.whl", hash = "sha256:067f0de1c33cfa0b6a8206562efdf6be5985b988b53dd244a8e06f993f27c8c0", size = 187467, upload-time = "2024-12-27T17:39:56.531Z" },
    { url = "https://files.pythonhosted.org/packages/3c/cb/2842c312bbe618d8fefc8b9cedce37f773cdc8fa453306546dba2c21fd98/msgspec-0.19.0-cp313-cp313-macosx_10_13_x86_64.whl", hash = "sha256:f12d30dd6266557aaaf0aa0f9580a9a8fbeadfa83699c487713e355ec5f0bd86", size = 190498, upload-time = "2024-12-27T17:40:00.427Z" },
    { url = "https://files.pythonhosted.org/packages/58/95/c40b01b93465e1a5f3b6c7d91b10fb574818163740cc3acbe722d1e0e7e4/msgspec-0.19.0-cp313-cp313-macosx_11_0_arm64.whl", hash = "sha256:82b2c42c1b9ebc89e822e7e13bbe9d17ede0c23c187469fdd9505afd5a481314", size = 183950, upload-time = "2024-12-27T17:40:04.219Z" },
    { url = "https://files.pythonhosted.org/packages/e8/f0/5b764e066ce9aba4b70d1db8b087ea66098c7c27d59b9dd8a3532774d48f/msgspec-0.19.0-cp313-cp313-manylinux_2_17_aarch64.manylinux2014_aarch64.whl", hash = "sha256:19746b50be214a54239aab822964f2ac81e38b0055cca94808359d779338c10e", size = 210647, upload-time = "2024-12-27T17:40:05.606Z" },
    { url = "https://files.pythonhosted.org/packages/9d/87/bc14f49bc95c4cb0dd0a8c56028a67c014ee7e6818ccdce74a4862af259b/msgspec-0.19.0-cp313-cp313-manylinux_2_17_x86_64.manylinux2014_x86_64.whl", hash = "sha256:60ef4bdb0ec8e4ad62e5a1f95230c08efb1f64f32e6e8dd2ced685bcc73858b5", size = 213563, upload-time = "2024-12-27T17:40:10.516Z" },
    { url = "https://files.pythonhosted.org/packages/53/2f/2b1c2b056894fbaa975f68f81e3014bb447516a8b010f1bed3fb0e016ed7/msgspec-0.19.0-cp313-cp313-musllinux_1_2_aarch64.whl", hash = "sha256:ac7f7c377c122b649f7545810c6cd1b47586e3aa3059126ce3516ac7ccc6a6a9", size = 213996, upload-time = "2024-12-27T17:40:12.244Z" },
    { url = "https://files.pythonhosted.org/packages/aa/5a/4cd408d90d1417e8d2ce6a22b98a6853c1b4d7cb7669153e4424d60087f6/msgspec-0.19.0-cp313-cp313-musllinux_1_2_x86_64.whl", hash = "sha256:a5bc1472223a643f5ffb5bf46ccdede7f9795078194f14edd69e3aab7020d327", size = 219087, upload-time = "2024-12-27T17:40:14.881Z" },
    { url = "https://files.pythonhosted.org/packages/23/d8/f15b40611c2d5753d1abb0ca0da0c75348daf1252220e5dda2867bd81062/msgspec-0.19.0-cp313-cp313-win_amd64.whl", hash = "sha256:317050bc0f7739cb30d257ff09152ca309bf5a369854bbf1e57dffc310c1f20f", size = 187432, upload-time = "2024-12-27T17:40:16.256Z" },
]

[[package]]
name = "sniffio"
version = "1.3.1"
source = { registry = "https://pypi.org/simple" }
sdist = { url = "https://files.pythonhosted.org/packages/a2/87/a6771e1546d97e7e041b6ae58d80074f81b7d5121207425c964ddf5cfdbd/sniffio-1.3.1.tar.gz", hash = "sha256:f4324edc670a0f49750a81b895f35c3adb843cca46f0530f79fc1babb23789dc", size = 20372, upload-time = "2024-02-25T23:20:04.057Z" }
wheels = [
    { url = "https://files.pythonhosted.org/packages/e9/44/75a9c9421471a6c4805dbf2356f7c181a29c1879239abab1ea2cc8f38b40/sniffio-1.3.1-py3-none-any.whl", hash = "sha256:2f6da418d1f1e0fddd844478f41680e794e6051915791a034ff65e5f100525a2", size = 10235, upload-time = "2024-02-25T23:20:01.196Z" },
]

[[package]]
name = "typing-extensions"
version = "4.15.0"
source = { registry = "https://pypi.org/simple" }
sdist = { url = "https://files.pythonhosted.org/packages/72/94/1a15dd82efb362ac84269196e94cf00f187f7ed21c242792a923cdb1c61f/typing_extensions-4.15.0.tar.gz", hash = "sha256:0cea48d173cc12fa28ecabc3b837ea3cf6f38c6d1136f85cbaaf598984861466", size = 109391, upload-time = "2025-08-25T13:49:26.313Z" }
wheels = [
    { url = "https://files.pythonhosted.org/packages/18/67/36e9267722cc04a6b9f15c7f3441c2363321a3ea07da7ae0c0707beb2a9c/typing_extensions-4.15.0-py3-none-any.whl", hash = "sha256:f0fa19c6845758ab08074a0cfa8b7aecb71c999ca73d62883bc25cc018c4e548", size = 44614, upload-time = "2025-08-25T13:49:24.86Z" },
]

[[package]]
name = "wsproto"
version = "1.2.0"
source = { registry = "https://pypi.org/simple" }
dependencies = [
    { name = "h11" },
]
sdist = { url = "https://files.pythonhosted.org/packages/c9/4a/44d3c295350d776427904d73c189e10aeae66d7f555bb2feee16d1e4ba5a/wsproto-1.2.0.tar.gz", hash = "sha256:ad565f26ecb92588a3e43bc3d96164de84cd9902482b130d0ddbaa9664a85065", size = 53425, upload-time = "2022-08-23T19:58:21.447Z" }
wheels = [
    { url = "https://files.pythonhosted.org/packages/78/58/e860788190eba3bcce367f74d29c4675466ce8dddfba85f7827588416f01/wsproto-1.2.0-py3-none-any.whl", hash = "sha256:b9acddd652b585d75b20477888c56642fdade28bdfd3579aa24a4d2c037dd736", size = 24226, upload-time = "2022-08-23T19:58:19.96Z" },
]
